
Microsoft Visual Studio Solution File, Format Version 12.00
# Visual Studio Version 17
VisualStudioVersion = 17.13.35931.197 d17.13
MinimumVisualStudioVersion = 10.0.40219.1
Project("{FAE04EC0-301F-11D3-BF4B-00C04F79EFBC}") = "Assignment3_Part1", "Assignment3_Part1.csproj", "{8A0A5A83-3DF0-410D-81F8-49E61D7BA53C}"
EndProject
Global
	GlobalSection(SolutionConfigurationPlatforms) = preSolution
		Debug|Any CPU = Debug|Any CPU
		Release|Any CPU = Release|Any CPU
	EndGlobalSection
	GlobalSection(ProjectConfigurationPlatforms) = postSolution
		{8A0A5A83-3DF0-410D-81F8-49E61D7BA53C}.Debug|Any CPU.ActiveCfg = Debug|Any CPU
		{8A0A5A83-3DF0-410D-81F8-49E61D7BA53C}.Debug|Any CPU.Build.0 = Debug|Any CPU
		{8A0A5A83-3DF0-410D-81F8-49E61D7BA53C}.Release|Any CPU.ActiveCfg = Release|Any CPU
		{8A0A5A83-3DF0-410D-81F8-49E61D7BA53C}.Release|Any CPU.Build.0 = Release|Any CPU
	EndGlobalSection
	GlobalSection(SolutionProperties) = preSolution
		HideSolutionNode = FALSE
	EndGlobalSection
	GlobalSection(ExtensibilityGlobals) = postSolution
		SolutionGuid = {822D9137-80C9-44E7-8A3F-7AECE644DAAC}
	EndGlobalSection
EndGlobal
